{
  "name": "buildkite-dark-theme",
  "version": "1.0.0",
  "lockfileVersion": 2,
  "requires": true,
  "packages": {
    "": {
      "name": "buildkite-dark-theme",
      "version": "1.0.0",
      "license": "ISC",
      "devDependencies": {
        "prettier": "^2.2.1"
      }
    },
    "node_modules/prettier": {
      "version": "2.2.1",
      "resolved": "https://widen.jfrog.io/widen/api/npm/npm-virtual/prettier/-/prettier-2.2.1.tgz",
      "integrity": "sha1-eVoaeN1S8HPaDNQrIfnJE4GSP/U=",
      "dev": true,
      "license": "MIT",
      "bin": {
        "prettier": "bin-prettier.js"
      },
      "engines": {
        "node": ">=10.13.0"
      }
    }
  },
  "dependencies": {
    "prettier": {
      "version": "2.2.1",
      "resolved": "https://widen.jfrog.io/widen/api/npm/npm-virtual/prettier/-/prettier-2.2.1.tgz",
      "integrity": "sha1-eVoaeN1S8HPaDNQrIfnJE4GSP/U=",
      "dev": true
    }
  }
}
